lockfileVersion: '9.0'

settings:
  autoInstallPeers: true
  excludeLinksFromLockfile: false

importers:

  .:
    dependencies:
      '@tanstack/react-query':
        specifier: ^5.101.2
        version: 5.101.2(react@19.2.7)
      react:
        specifier: ^19.2.4
        version: 19.2.7
      react-dom:
        specifier: ^19.2.4
        version: 19.2.7(react@19.2.7)
      react-easy-crop:
        specifier: ^6.0.2
        version: 6.0.2(react-dom@19.2.7(react@19.2.7))(react@19.2.7)

packages:

  '@tanstack/query-core@5.101.2':
    resolution: {integrity: sha512-hH5MLoJhF7KaIGd7q3xTXGXvslI+GYlM1Z/35aSHHWaCJWB7XvTSHYuV3eM7tw+aE0mT/xMro4M4Q9rCGHT0lw==}

  '@tanstack/react-query@5.101.2':
    resolution: {integrity: sha512-seDkr6kzGzX1okaaTtZPtgA688CDPlXUz1C6xSg0ESqn04Vuc8tlrYms1s3de+znBqhPVxFRfpAfUf+6XvfPWg==}
    peerDependencies:
      react: ^18 || ^19

  normalize-wheel@1.0.1:
    resolution: {integrity: sha512-1OnlAPZ3zgrk8B91HyRj+eVv+kS5u+Z0SCsak6Xil/kmgEia50ga7zfkumayonZrImffAxPU/5WcyGhzetHNPA==}

  react-dom@19.2.7:
    resolution: {integrity: sha512-t0BRVXvbiE/o20Hfw669rLbMCDWtYZLvmJigy2f0MxsXF+71pxhR3xOkspmsO8h3ZlNzyibAmtCa3l4lYKk6gQ==}
    peerDependencies:
      react: ^19.2.7

  react-easy-crop@6.0.2:
    resolution: {integrity: sha512-nY/YiNEuRjc851+/PsOR6Q7XoshmnXMl+oEOsxp3Ah0PrhECi5388jjRnHwsTFx3W0o2zPwvq85oljzUqZNpEw==}
    peerDependencies:
      react: '>=16.4.0'
      react-dom: '>=16.4.0'

  react@19.2.7:
    resolution: {integrity: sha512-HNe9WslTbXmFK8o8cmwgAeJFSBvt1bPdHCVKtaaV+WlAN36mpT4hcRpwbf3fY56ar2oIXzsBpOAiIRHAdY0OlQ==}
    engines: {node: '>=0.10.0'}

  scheduler@0.27.0:
    resolution: {integrity: sha512-eNv+WrVbKu1f3vbYJT/xtiF5syA5HPIMtf9IgY/nKg0sWqzAUEvqY/xm7OcZc/qafLx/iO9FgOmeSAp4v5ti/Q==}

snapshots:

  '@tanstack/query-core@5.101.2': {}

  '@tanstack/react-query@5.101.2(react@19.2.7)':
    dependencies:
      '@tanstack/query-core': 5.101.2
      react: 19.2.7

  normalize-wheel@1.0.1: {}

  react-dom@19.2.7(react@19.2.7):
    dependencies:
      react: 19.2.7
      scheduler: 0.27.0

  react-easy-crop@6.0.2(react-dom@19.2.7(react@19.2.7))(react@19.2.7):
    dependencies:
      normalize-wheel: 1.0.1
      react: 19.2.7
      react-dom: 19.2.7(react@19.2.7)

  react@19.2.7: {}

  scheduler@0.27.0: {}
